
Microsoft Visual Studio Solution File, Format Version 12.00
# Visual Studio Version 16
VisualStudioVersion = 16.0.30413.136
MinimumVisualStudioVersion = 10.0.40219.1
Project("{FAE04EC0-301F-11D3-BF4B-00C04F79EFBC}") = "Opakovani15.9", "Opakovani15.9\Opakovani15.9.csproj", "{4032EE11-B328-458E-BD1C-339985AA8FAB}"
EndProject
Global
	GlobalSection(SolutionConfigurationPlatforms) = preSolution
		Debug|Any CPU = Debug|Any CPU
		Release|Any CPU = Release|Any CPU
	EndGlobalSection
	GlobalSection(ProjectConfigurationPlatforms) = postSolution
		{4032EE11-B328-458E-BD1C-339985AA8FAB}.Debug|Any CPU.ActiveCfg = Debug|Any CPU
		{4032EE11-B328-458E-BD1C-339985AA8FAB}.Debug|Any CPU.Build.0 = Debug|Any CPU
		{4032EE11-B328-458E-BD1C-339985AA8FAB}.Release|Any CPU.ActiveCfg = Release|Any CPU
		{4032EE11-B328-458E-BD1C-339985AA8FAB}.Release|Any CPU.Build.0 = Release|Any CPU
	EndGlobalSection
	GlobalSection(SolutionProperties) = preSolution
		HideSolutionNode = FALSE
	EndGlobalSection
	GlobalSection(ExtensibilityGlobals) = postSolution
		SolutionGuid = {819D13D5-38AC-4BA2-8BE0-B7E1617B57F9}
	EndGlobalSection
EndGlobal
